{
  "name": "@danbieducorp/wink-plugin-android-media-gesture-setting",
  "version": "0.1.18",
  "lockfileVersion": 2,
  "requires": true,
  "packages": {
    "": {
      "name": "@danbieducorp/wink-plugin-android-media-gesture-setting",
      "version": "0.1.18",
      "license": "Apache-2.0"
    }
  }
}
